// !$*UTF8*$!
{
	archiveVersion = 1;
	classes = {
	};
	objectVersion = 56;
	objects = {

/* Begin PBXBuildFile section */
		E8096C572B09C8AE00C23E85 /* MarshallCipher.swift in Sources */ = {isa = PBXBuildFile; fileRef = E8096C562B09C8AE00C23E85 /* MarshallCipher.swift */; };
		E83662342AF3269D0043C6BA /* EncryptionToolsApp.swift in Sources */ = {isa = PBXBuildFile; fileRef = E83662332AF3269D0043C6BA /* EncryptionToolsApp.swift */; };
		E83662362AF3269D0043C6BA /* ContentView.swift in Sources */ = {isa = PBXBuildFile; fileRef = E83662352AF3269D0043C6BA /* ContentView.swift */; };
		E83662382AF3269E0043C6BA /* Assets.xcassets in Resources */ = {isa = PBXBuildFile; fileRef = E83662372AF3269E0043C6BA /* Assets.xcassets */; };
		E836623B2AF3269E0043C6BA /* Preview Assets.xcassets in Resources */ = {isa = PBXBuildFile; fileRef = E836623A2AF3269E0043C6BA /* Preview Assets.xcassets */; };
		E83662462AF3269E0043C6BA /* EncryptionToolsTests.swift in Sources */ = {isa = PBXBuildFile; fileRef = E83662452AF3269E0043C6BA /* EncryptionToolsTests.swift */; };
		E836625F2AF326E70043C6BA /* Cipher.swift in Sources */ = {isa = PBXBuildFile; fileRef = E836625E2AF326E70043C6BA /* Cipher.swift */; };
		E83662672AF3325E0043C6BA /* AESCipher.swift in Sources */ = {isa = PBXBuildFile; fileRef = E83662662AF3325E0043C6BA /* AESCipher.swift */; };
		E8980A642B0722C500E86AAD /* UnbreakableCipher.swift in Sources */ = {isa = PBXBuildFile; fileRef = E8980A632B0722C500E86AAD /* UnbreakableCipher.swift */; };
		E8B1819A2AF348FB00911211 /* README.md in Resources */ = {isa = PBXBuildFile; fileRef = E8B181992AF348FB00911211 /* README.md */; };
		E8B1819C2AF34C9300911211 /* ExampleCipher.swift in Sources */ = {isa = PBXBuildFile; fileRef = E8B1819B2AF34C9300911211 /* ExampleCipher.swift */; };
		E8B38B5F2B071C1100F4AECF /* InvertMaskCipher.swift in Sources */ = {isa = PBXBuildFile; fileRef = E8B38B5E2B071C1100F4AECF /* InvertMaskCipher.swift */; };
		E8B38B612B071F2700F4AECF /* ReverseMaskCipher.swift in Sources */ = {isa = PBXBuildFile; fileRef = E8B38B602B071F2700F4AECF /* ReverseMaskCipher.swift */; };
		E8D3AD1D2AF3385A005B8A04 /* ChaChaPolyCipher.swift in Sources */ = {isa = PBXBuildFile; fileRef = E8D3AD1C2AF3385A005B8A04 /* ChaChaPolyCipher.swift */; };
		E8D3AD232AF338F9005B8A04 /* BlockHelper.swift in Sources */ = {isa = PBXBuildFile; fileRef = E8D3AD222AF338F9005B8A04 /* BlockHelper.swift */; };
		E8D3AD252AF3390F005B8A04 /* Data+Hex.swift in Sources */ = {isa = PBXBuildFile; fileRef = E8D3AD242AF3390F005B8A04 /* Data+Hex.swift */; };
		E8D3AD272AF3395B005B8A04 /* String+RandomHexString.swift in Sources */ = {isa = PBXBuildFile; fileRef = E8D3AD262AF3395B005B8A04 /* String+RandomHexString.swift */; };
		E8D3AD292AF33974005B8A04 /* String+RandomUTF8String.swift in Sources */ = {isa = PBXBuildFile; fileRef = E8D3AD282AF33974005B8A04 /* String+RandomUTF8String.swift */; };
		E8D3AD2B2AF339BE005B8A04 /* PasswordCipher.swift in Sources */ = {isa = PBXBuildFile; fileRef = E8D3AD2A2AF339BE005B8A04 /* PasswordCipher.swift */; };
		E8D3AD2D2AF339E6005B8A04 /* TaylorCipher.swift in Sources */ = {isa = PBXBuildFile; fileRef = E8D3AD2C2AF339E6005B8A04 /* TaylorCipher.swift */; };
		E8D3AD2F2AF33A11005B8A04 /* ReverseCipher.swift in Sources */ = {isa = PBXBuildFile; fileRef = E8D3AD2E2AF33A11005B8A04 /* ReverseCipher.swift */; };
		E8D3AD322AF33A47005B8A04 /* ShuffleCipher.swift in Sources */ = {isa = PBXBuildFile; fileRef = E8D3AD312AF33A47005B8A04 /* ShuffleCipher.swift */; };
		E8D3AD342AF33A57005B8A04 /* JulianCipher.swift in Sources */ = {isa = PBXBuildFile; fileRef = E8D3AD332AF33A57005B8A04 /* JulianCipher.swift */; };
		E8D3AD362AF33A74005B8A04 /* InvertCipher.swift in Sources */ = {isa = PBXBuildFile; fileRef = E8D3AD352AF33A74005B8A04 /* InvertCipher.swift */; };
		E8D3AD382AF33A92005B8A04 /* WeaveBlockCipher.swift in Sources */ = {isa = PBXBuildFile; fileRef = E8D3AD372AF33A92005B8A04 /* WeaveBlockCipher.swift */; };
		E8D3AD3A2AF33A9F005B8A04 /* WeaveByteBlockCipher.swift in Sources */ = {isa = PBXBuildFile; fileRef = E8D3AD392AF33A9F005B8A04 /* WeaveByteBlockCipher.swift */; };
		E8D3AD3C2AF33AAD005B8A04 /* WeaveCipher.swift in Sources */ = {isa = PBXBuildFile; fileRef = E8D3AD3B2AF33AAD005B8A04 /* WeaveCipher.swift */; };
		E8D3AD3E2AF33ABA005B8A04 /* WeaveMaskBlockCipher.swift in Sources */ = {isa = PBXBuildFile; fileRef = E8D3AD3D2AF33ABA005B8A04 /* WeaveMaskBlockCipher.swift */; };
		E8D3AD402AF33AC8005B8A04 /* WeaveMaskByteBlockCipher.swift in Sources */ = {isa = PBXBuildFile; fileRef = E8D3AD3F2AF33AC8005B8A04 /* WeaveMaskByteBlockCipher.swift */; };
		E8D3AD422AF33AD6005B8A04 /* WeaveMaskCipher.swift in Sources */ = {isa = PBXBuildFile; fileRef = E8D3AD412AF33AD6005B8A04 /* WeaveMaskCipher.swift */; };
		E8D3AD442AF33AE9005B8A04 /* SplintBlockCipher.swift in Sources */ = {isa = PBXBuildFile; fileRef = E8D3AD432AF33AE9005B8A04 /* SplintBlockCipher.swift */; };
		E8D3AD462AF33AF6005B8A04 /* SplintByteBlockCipher.swift in Sources */ = {isa = PBXBuildFile; fileRef = E8D3AD452AF33AF6005B8A04 /* SplintByteBlockCipher.swift */; };
		E8D3AD482AF33B03005B8A04 /* SplintCipher.swift in Sources */ = {isa = PBXBuildFile; fileRef = E8D3AD472AF33B03005B8A04 /* SplintCipher.swift */; };
		E8D3AD4A2AF33B14005B8A04 /* RotateBlockCipher.swift in Sources */ = {isa = PBXBuildFile; fileRef = E8D3AD492AF33B14005B8A04 /* RotateBlockCipher.swift */; };
		E8D3AD4C2AF33B20005B8A04 /* RotateCipher.swift in Sources */ = {isa = PBXBuildFile; fileRef = E8D3AD4B2AF33B20005B8A04 /* RotateCipher.swift */; };
		E8D3AD4E2AF33B2B005B8A04 /* RotateMaskBlockCipher.swift in Sources */ = {isa = PBXBuildFile; fileRef = E8D3AD4D2AF33B2B005B8A04 /* RotateMaskBlockCipher.swift */; };
		E8D3AD502AF33B37005B8A04 /* RotateMaskCipher.swift in Sources */ = {isa = PBXBuildFile; fileRef = E8D3AD4F2AF33B37005B8A04 /* RotateMaskCipher.swift */; };
		E8D3AD522AF33B79005B8A04 /* TestData.swift in Sources */ = {isa = PBXBuildFile; fileRef = E8D3AD512AF33B79005B8A04 /* TestData.swift */; };
		E8D3AD542AF33D45005B8A04 /* DataCompare.swift in Sources */ = {isa = PBXBuildFile; fileRef = E8D3AD532AF33D45005B8A04 /* DataCompare.swift */; };
		E8D3AD562AF33DC1005B8A04 /* RangeRotationCipher.swift in Sources */ = {isa = PBXBuildFile; fileRef = E8D3AD552AF33DC1005B8A04 /* RangeRotationCipher.swift */; };
		E8D3AD582AF33E22005B8A04 /* VerificationTool.swift in Sources */ = {isa = PBXBuildFile; fileRef = E8D3AD572AF33E22005B8A04 /* VerificationTool.swift */; };
		E8EEBB3B2B08895C00407C61 /* SplintMaskCipher.swift in Sources */ = {isa = PBXBuildFile; fileRef = E8EEBB3A2B08895C00407C61 /* SplintMaskCipher.swift */; };
		E8EEBB3D2B088EAF00407C61 /* SplintMaskBlockCipher.swift in Sources */ = {isa = PBXBuildFile; fileRef = E8EEBB3C2B088EAF00407C61 /* SplintMaskBlockCipher.swift */; };
		E8EEBB3F2B088FC000407C61 /* SplintMaskByteBlockCipher.swift in Sources */ = {isa = PBXBuildFile; fileRef = E8EEBB3E2B088FC000407C61 /* SplintMaskByteBlockCipher.swift */; };
/* End PBXBuildFile section */

/* Begin PBXContainerItemProxy section */
		E83662422AF3269E0043C6BA /* PBXContainerItemProxy */ = {
			isa = PBXContainerItemProxy;
			containerPortal = E83662282AF3269D0043C6BA /* Project object */;
			proxyType = 1;
			remoteGlobalIDString = E836622F2AF3269D0043C6BA;
			remoteInfo = EncryptionTools;
		};
/* End PBXContainerItemProxy section */

/* Begin PBXFileReference section */
		E8096C562B09C8AE00C23E85 /* MarshallCipher.swift */ = {isa = PBXFileReference; lastKnownFileType = sourcecode.swift; path = MarshallCipher.swift; sourceTree = "<group>"; };
		E83662302AF3269D0043C6BA /* EncryptionTools.app */ = {isa = PBXFileReference; explicitFileType = wrapper.application; includeInIndex = 0; path = EncryptionTools.app; sourceTree = BUILT_PRODUCTS_DIR; };
		E83662332AF3269D0043C6BA /* EncryptionToolsApp.swift */ = {isa = PBXFileReference; lastKnownFileType = sourcecode.swift; path = EncryptionToolsApp.swift; sourceTree = "<group>"; };
		E83662352AF3269D0043C6BA /* ContentView.swift */ = {isa = PBXFileReference; lastKnownFileType = sourcecode.swift; path = ContentView.swift; sourceTree = "<group>"; };
		E83662372AF3269E0043C6BA /* Assets.xcassets */ = {isa = PBXFileReference; lastKnownFileType = folder.assetcatalog; path = Assets.xcassets; sourceTree = "<group>"; };
		E836623A2AF3269E0043C6BA /* Preview Assets.xcassets */ = {isa = PBXFileReference; lastKnownFileType = folder.assetcatalog; path = "Preview Assets.xcassets"; sourceTree = "<group>"; };
		E836623C2AF3269E0043C6BA /* EncryptionTools.entitlements */ = {isa = PBXFileReference; lastKnownFileType = text.plist.entitlements; path = EncryptionTools.entitlements; sourceTree = "<group>"; };
		E83662412AF3269E0043C6BA /* EncryptionToolsTests.xctest */ = {isa = PBXFileReference; explicitFileType = wrapper.cfbundle; includeInIndex = 0; path = EncryptionToolsTests.xctest; sourceTree = BUILT_PRODUCTS_DIR; };
		E83662452AF3269E0043C6BA /* EncryptionToolsTests.swift */ = {isa = PBXFileReference; lastKnownFileType = sourcecode.swift; path = EncryptionToolsTests.swift; sourceTree = "<group>"; };
		E836625E2AF326E70043C6BA /* Cipher.swift */ = {isa = PBXFileReference; lastKnownFileType = sourcecode.swift; path = Cipher.swift; sourceTree = "<group>"; };
		E83662662AF3325E0043C6BA /* AESCipher.swift */ = {isa = PBXFileReference; lastKnownFileType = sourcecode.swift; path = AESCipher.swift; sourceTree = "<group>"; };
		E8980A632B0722C500E86AAD /* UnbreakableCipher.swift */ = {isa = PBXFileReference; lastKnownFileType = sourcecode.swift; path = UnbreakableCipher.swift; sourceTree = "<group>"; };
		E8B181992AF348FB00911211 /* README.md */ = {isa = PBXFileReference; fileEncoding = 4; lastKnownFileType = net.daringfireball.markdown; path = README.md; sourceTree = SOURCE_ROOT; };
		E8B1819B2AF34C9300911211 /* ExampleCipher.swift */ = {isa = PBXFileReference; lastKnownFileType = sourcecode.swift; path = ExampleCipher.swift; sourceTree = "<group>"; };
		E8B38B5E2B071C1100F4AECF /* InvertMaskCipher.swift */ = {isa = PBXFileReference; lastKnownFileType = sourcecode.swift; path = InvertMaskCipher.swift; sourceTree = "<group>"; };
		E8B38B602B071F2700F4AECF /* ReverseMaskCipher.swift */ = {isa = PBXFileReference; lastKnownFileType = sourcecode.swift; path = ReverseMaskCipher.swift; sourceTree = "<group>"; };
		E8D3AD1C2AF3385A005B8A04 /* ChaChaPolyCipher.swift */ = {isa = PBXFileReference; lastKnownFileType = sourcecode.swift; path = ChaChaPolyCipher.swift; sourceTree = "<group>"; };
		E8D3AD222AF338F9005B8A04 /* BlockHelper.swift */ = {isa = PBXFileReference; lastKnownFileType = sourcecode.swift; path = BlockHelper.swift; sourceTree = "<group>"; };
		E8D3AD242AF3390F005B8A04 /* Data+Hex.swift */ = {isa = PBXFileReference; lastKnownFileType = sourcecode.swift; path = "Data+Hex.swift"; sourceTree = "<group>"; };
		E8D3AD262AF3395B005B8A04 /* String+RandomHexString.swift */ = {isa = PBXFileReference; lastKnownFileType = sourcecode.swift; path = "String+RandomHexString.swift"; sourceTree = "<group>"; };
		E8D3AD282AF33974005B8A04 /* String+RandomUTF8String.swift */ = {isa = PBXFileReference; lastKnownFileType = sourcecode.swift; path = "String+RandomUTF8String.swift"; sourceTree = "<group>"; };
		E8D3AD2A2AF339BE005B8A04 /* PasswordCipher.swift */ = {isa = PBXFileReference; lastKnownFileType = sourcecode.swift; path = PasswordCipher.swift; sourceTree = "<group>"; };
		E8D3AD2C2AF339E6005B8A04 /* TaylorCipher.swift */ = {isa = PBXFileReference; lastKnownFileType = sourcecode.swift; path = TaylorCipher.swift; sourceTree = "<group>"; };
		E8D3AD2E2AF33A11005B8A04 /* ReverseCipher.swift */ = {isa = PBXFileReference; lastKnownFileType = sourcecode.swift; path = ReverseCipher.swift; sourceTree = "<group>"; };
		E8D3AD312AF33A47005B8A04 /* ShuffleCipher.swift */ = {isa = PBXFileReference; lastKnownFileType = sourcecode.swift; path = ShuffleCipher.swift; sourceTree = "<group>"; };
		E8D3AD332AF33A57005B8A04 /* JulianCipher.swift */ = {isa = PBXFileReference; lastKnownFileType = sourcecode.swift; path = JulianCipher.swift; sourceTree = "<group>"; };
		E8D3AD352AF33A74005B8A04 /* InvertCipher.swift */ = {isa = PBXFileReference; lastKnownFileType = sourcecode.swift; path = InvertCipher.swift; sourceTree = "<group>"; };
		E8D3AD372AF33A92005B8A04 /* WeaveBlockCipher.swift */ = {isa = PBXFileReference; lastKnownFileType = sourcecode.swift; path = WeaveBlockCipher.swift; sourceTree = "<group>"; };
		E8D3AD392AF33A9F005B8A04 /* WeaveByteBlockCipher.swift */ = {isa = PBXFileReference; lastKnownFileType = sourcecode.swift; path = WeaveByteBlockCipher.swift; sourceTree = "<group>"; };
		E8D3AD3B2AF33AAD005B8A04 /* WeaveCipher.swift */ = {isa = PBXFileReference; lastKnownFileType = sourcecode.swift; path = WeaveCipher.swift; sourceTree = "<group>"; };
		E8D3AD3D2AF33ABA005B8A04 /* WeaveMaskBlockCipher.swift */ = {isa = PBXFileReference; lastKnownFileType = sourcecode.swift; path = WeaveMaskBlockCipher.swift; sourceTree = "<group>"; };
		E8D3AD3F2AF33AC8005B8A04 /* WeaveMaskByteBlockCipher.swift */ = {isa = PBXFileReference; lastKnownFileType = sourcecode.swift; path = WeaveMaskByteBlockCipher.swift; sourceTree = "<group>"; };
		E8D3AD412AF33AD6005B8A04 /* WeaveMaskCipher.swift */ = {isa = PBXFileReference; lastKnownFileType = sourcecode.swift; path = WeaveMaskCipher.swift; sourceTree = "<group>"; };
		E8D3AD432AF33AE9005B8A04 /* SplintBlockCipher.swift */ = {isa = PBXFileReference; lastKnownFileType = sourcecode.swift; path = SplintBlockCipher.swift; sourceTree = "<group>"; };
		E8D3AD452AF33AF6005B8A04 /* SplintByteBlockCipher.swift */ = {isa = PBXFileReference; lastKnownFileType = sourcecode.swift; path = SplintByteBlockCipher.swift; sourceTree = "<group>"; };
		E8D3AD472AF33B03005B8A04 /* SplintCipher.swift */ = {isa = PBXFileReference; lastKnownFileType = sourcecode.swift; path = SplintCipher.swift; sourceTree = "<group>"; };
		E8D3AD492AF33B14005B8A04 /* RotateBlockCipher.swift */ = {isa = PBXFileReference; lastKnownFileType = sourcecode.swift; path = RotateBlockCipher.swift; sourceTree = "<group>"; };
		E8D3AD4B2AF33B20005B8A04 /* RotateCipher.swift */ = {isa = PBXFileReference; lastKnownFileType = sourcecode.swift; path = RotateCipher.swift; sourceTree = "<group>"; };
		E8D3AD4D2AF33B2B005B8A04 /* RotateMaskBlockCipher.swift */ = {isa = PBXFileReference; lastKnownFileType = sourcecode.swift; path = RotateMaskBlockCipher.swift; sourceTree = "<group>"; };
		E8D3AD4F2AF33B37005B8A04 /* RotateMaskCipher.swift */ = {isa = PBXFileReference; lastKnownFileType = sourcecode.swift; path = RotateMaskCipher.swift; sourceTree = "<group>"; };
		E8D3AD512AF33B79005B8A04 /* TestData.swift */ = {isa = PBXFileReference; lastKnownFileType = sourcecode.swift; path = TestData.swift; sourceTree = "<group>"; };
		E8D3AD532AF33D45005B8A04 /* DataCompare.swift */ = {isa = PBXFileReference; lastKnownFileType = sourcecode.swift; path = DataCompare.swift; sourceTree = "<group>"; };
		E8D3AD552AF33DC1005B8A04 /* RangeRotationCipher.swift */ = {isa = PBXFileReference; lastKnownFileType = sourcecode.swift; path = RangeRotationCipher.swift; sourceTree = "<group>"; };
		E8D3AD572AF33E22005B8A04 /* VerificationTool.swift */ = {isa = PBXFileReference; lastKnownFileType = sourcecode.swift; path = VerificationTool.swift; sourceTree = "<group>"; };
		E8EEBB3A2B08895C00407C61 /* SplintMaskCipher.swift */ = {isa = PBXFileReference; lastKnownFileType = sourcecode.swift; path = SplintMaskCipher.swift; sourceTree = "<group>"; };
		E8EEBB3C2B088EAF00407C61 /* SplintMaskBlockCipher.swift */ = {isa = PBXFileReference; lastKnownFileType = sourcecode.swift; path = SplintMaskBlockCipher.swift; sourceTree = "<group>"; };
		E8EEBB3E2B088FC000407C61 /* SplintMaskByteBlockCipher.swift */ = {isa = PBXFileReference; lastKnownFileType = sourcecode.swift; path = SplintMaskByteBlockCipher.swift; sourceTree = "<group>"; };
/* End PBXFileReference section */

/* Begin PBXFrameworksBuildPhase section */
		E836622D2AF3269D0043C6BA /* Frameworks */ = {
			isa = PBXFrameworksBuildPhase;
			buildActionMask = 2147483647;
			files = (
			);
			runOnlyForDeploymentPostprocessing = 0;
		};
		E836623E2AF3269E0043C6BA /* Frameworks */ = {
			isa = PBXFrameworksBuildPhase;
			buildActionMask = 2147483647;
			files = (
			);
			runOnlyForDeploymentPostprocessing = 0;
		};
/* End PBXFrameworksBuildPhase section */

/* Begin PBXGroup section */
		E83662272AF3269D0043C6BA = {
			isa = PBXGroup;
			children = (
				E83662322AF3269D0043C6BA /* EncryptionTools */,
				E83662442AF3269E0043C6BA /* EncryptionToolsTests */,
				E83662312AF3269D0043C6BA /* Products */,
			);
			sourceTree = "<group>";
		};
		E83662312AF3269D0043C6BA /* Products */ = {
			isa = PBXGroup;
			children = (
				E83662302AF3269D0043C6BA /* EncryptionTools.app */,
				E83662412AF3269E0043C6BA /* EncryptionToolsTests.xctest */,
			);
			name = Products;
			sourceTree = "<group>";
		};
		E83662322AF3269D0043C6BA /* EncryptionTools */ = {
			isa = PBXGroup;
			children = (
				E8B181992AF348FB00911211 /* README.md */,
				E836625E2AF326E70043C6BA /* Cipher.swift */,
				E8980A632B0722C500E86AAD /* UnbreakableCipher.swift */,
				E8B1819B2AF34C9300911211 /* ExampleCipher.swift */,
				E83662602AF328030043C6BA /* Ciphers */,
				E83662682AF3329E0043C6BA /* Helpers */,
				E83662352AF3269D0043C6BA /* ContentView.swift */,
				E83662332AF3269D0043C6BA /* EncryptionToolsApp.swift */,
				E83662372AF3269E0043C6BA /* Assets.xcassets */,
				E836623C2AF3269E0043C6BA /* EncryptionTools.entitlements */,
				E83662392AF3269E0043C6BA /* Preview Content */,
				E8D3AD572AF33E22005B8A04 /* VerificationTool.swift */,
			);
			path = EncryptionTools;
			sourceTree = "<group>";
		};
		E83662392AF3269E0043C6BA /* Preview Content */ = {
			isa = PBXGroup;
			children = (
				E836623A2AF3269E0043C6BA /* Preview Assets.xcassets */,
			);
			path = "Preview Content";
			sourceTree = "<group>";
		};
		E83662442AF3269E0043C6BA /* EncryptionToolsTests */ = {
			isa = PBXGroup;
			children = (
				E83662452AF3269E0043C6BA /* EncryptionToolsTests.swift */,
				E8D3AD512AF33B79005B8A04 /* TestData.swift */,
				E8D3AD532AF33D45005B8A04 /* DataCompare.swift */,
			);
			path = EncryptionToolsTests;
			sourceTree = "<group>";
		};
		E83662602AF328030043C6BA /* Ciphers */ = {
			isa = PBXGroup;
			children = (
				E8D3AD302AF33A36005B8A04 /* Shuffle */,
				E83662632AF332490043C6BA /* CryptoKit */,
				E83662622AF332490043C6BA /* Password */,
				E83662642AF332490043C6BA /* Rotation */,
				E83662652AF332490043C6BA /* Splint */,
				E83662612AF332490043C6BA /* Weave */,
				E8D3AD2E2AF33A11005B8A04 /* ReverseCipher.swift */,
				E8B38B602B071F2700F4AECF /* ReverseMaskCipher.swift */,
				E8D3AD352AF33A74005B8A04 /* InvertCipher.swift */,
				E8B38B5E2B071C1100F4AECF /* InvertMaskCipher.swift */,
				E8D3AD552AF33DC1005B8A04 /* RangeRotationCipher.swift */,
				E8096C562B09C8AE00C23E85 /* MarshallCipher.swift */,
			);
			path = Ciphers;
			sourceTree = "<group>";
		};
		E83662612AF332490043C6BA /* Weave */ = {
			isa = PBXGroup;
			children = (
				E8D3AD3B2AF33AAD005B8A04 /* WeaveCipher.swift */,
				E8D3AD372AF33A92005B8A04 /* WeaveBlockCipher.swift */,
				E8D3AD392AF33A9F005B8A04 /* WeaveByteBlockCipher.swift */,
				E8D3AD412AF33AD6005B8A04 /* WeaveMaskCipher.swift */,
				E8D3AD3D2AF33ABA005B8A04 /* WeaveMaskBlockCipher.swift */,
				E8D3AD3F2AF33AC8005B8A04 /* WeaveMaskByteBlockCipher.swift */,
			);
			path = Weave;
			sourceTree = "<group>";
		};
		E83662622AF332490043C6BA /* Password */ = {
			isa = PBXGroup;
			children = (
				E8D3AD2A2AF339BE005B8A04 /* PasswordCipher.swift */,
				E8D3AD2C2AF339E6005B8A04 /* TaylorCipher.swift */,
			);
			path = Password;
			sourceTree = "<group>";
		};
		E83662632AF332490043C6BA /* CryptoKit */ = {
			isa = PBXGroup;
			children = (
				E83662662AF3325E0043C6BA /* AESCipher.swift */,
				E8D3AD1C2AF3385A005B8A04 /* ChaChaPolyCipher.swift */,
			);
			path = CryptoKit;
			sourceTree = "<group>";
		};
		E83662642AF332490043C6BA /* Rotation */ = {
			isa = PBXGroup;
			children = (
				E8D3AD4B2AF33B20005B8A04 /* RotateCipher.swift */,
				E8D3AD4F2AF33B37005B8A04 /* RotateMaskCipher.swift */,
				E8D3AD492AF33B14005B8A04 /* RotateBlockCipher.swift */,
				E8D3AD4D2AF33B2B005B8A04 /* RotateMaskBlockCipher.swift */,
			);
			path = Rotation;
			sourceTree = "<group>";
		};
		E83662652AF332490043C6BA /* Splint */ = {
			isa = PBXGroup;
			children = (
				E8D3AD472AF33B03005B8A04 /* SplintCipher.swift */,
				E8EEBB3A2B08895C00407C61 /* SplintMaskCipher.swift */,
				E8D3AD432AF33AE9005B8A04 /* SplintBlockCipher.swift */,
				E8EEBB3C2B088EAF00407C61 /* SplintMaskBlockCipher.swift */,
				E8D3AD452AF33AF6005B8A04 /* SplintByteBlockCipher.swift */,
				E8EEBB3E2B088FC000407C61 /* SplintMaskByteBlockCipher.swift */,
			);
			path = Splint;
			sourceTree = "<group>";
		};
		E83662682AF3329E0043C6BA /* Helpers */ = {
			isa = PBXGroup;
			children = (
				E8D3AD222AF338F9005B8A04 /* BlockHelper.swift */,
				E8D3AD242AF3390F005B8A04 /* Data+Hex.swift */,
				E8D3AD262AF3395B005B8A04 /* String+RandomHexString.swift */,
				E8D3AD282AF33974005B8A04 /* String+RandomUTF8String.swift */,
			);
			path = Helpers;
			sourceTree = "<group>";
		};
		E8D3AD302AF33A36005B8A04 /* Shuffle */ = {
			isa = PBXGroup;
			children = (
				E8D3AD312AF33A47005B8A04 /* ShuffleCipher.swift */,
				E8D3AD332AF33A57005B8A04 /* JulianCipher.swift */,
			);
			path = Shuffle;
			sourceTree = "<group>";
		};
/* End PBXGroup section */

/* Begin PBXNativeTarget section */
		E836622F2AF3269D0043C6BA /* EncryptionTools */ = {
			isa = PBXNativeTarget;
			buildConfigurationList = E83662552AF3269E0043C6BA /* Build configuration list for PBXNativeTarget "EncryptionTools" */;
			buildPhases = (
				E836622C2AF3269D0043C6BA /* Sources */,
				E836622D2AF3269D0043C6BA /* Frameworks */,
				E836622E2AF3269D0043C6BA /* Resources */,
			);
			buildRules = (
			);
			dependencies = (
			);
			name = EncryptionTools;
			productName = EncryptionTools;
			productReference = E83662302AF3269D0043C6BA /* EncryptionTools.app */;
			productType = "com.apple.product-type.application";
		};
		E83662402AF3269E0043C6BA /* EncryptionToolsTests */ = {
			isa = PBXNativeTarget;
			buildConfigurationList = E83662582AF3269E0043C6BA /* Build configuration list for PBXNativeTarget "EncryptionToolsTests" */;
			buildPhases = (
				E836623D2AF3269E0043C6BA /* Sources */,
				E836623E2AF3269E0043C6BA /* Frameworks */,
				E836623F2AF3269E0043C6BA /* Resources */,
			);
			buildRules = (
			);
			dependencies = (
				E83662432AF3269E0043C6BA /* PBXTargetDependency */,
			);
			name = EncryptionToolsTests;
			productName = EncryptionToolsTests;
			productReference = E83662412AF3269E0043C6BA /* EncryptionToolsTests.xctest */;
			productType = "com.apple.product-type.bundle.unit-test";
		};
/* End PBXNativeTarget section */

/* Begin PBXProject section */
		E83662282AF3269D0043C6BA /* Project object */ = {
			isa = PBXProject;
			attributes = {
				BuildIndependentTargetsInParallel = 1;
				LastSwiftUpdateCheck = 1500;
				LastUpgradeCheck = 1500;
				TargetAttributes = {
					E836622F2AF3269D0043C6BA = {
						CreatedOnToolsVersion = 15.0.1;
					};
					E83662402AF3269E0043C6BA = {
						CreatedOnToolsVersion = 15.0.1;
						TestTargetID = E836622F2AF3269D0043C6BA;
					};
				};
			};
			buildConfigurationList = E836622B2AF3269D0043C6BA /* Build configuration list for PBXProject "EncryptionTools" */;
			compatibilityVersion = "Xcode 14.0";
			developmentRegion = en;
			hasScannedForEncodings = 0;
			knownRegions = (
				en,
				Base,
			);
			mainGroup = E83662272AF3269D0043C6BA;
			productRefGroup = E83662312AF3269D0043C6BA /* Products */;
			projectDirPath = "";
			projectRoot = "";
			targets = (
				E836622F2AF3269D0043C6BA /* EncryptionTools */,
				E83662402AF3269E0043C6BA /* EncryptionToolsTests */,
			);
		};
/* End PBXProject section */

/* Begin PBXResourcesBuildPhase section */
		E836622E2AF3269D0043C6BA /* Resources */ = {
			isa = PBXResourcesBuildPhase;
			buildActionMask = 2147483647;
			files = (
				E8B1819A2AF348FB00911211 /* README.md in Resources */,
				E836623B2AF3269E0043C6BA /* Preview Assets.xcassets in Resources */,
				E83662382AF3269E0043C6BA /* Assets.xcassets in Resources */,
			);
			runOnlyForDeploymentPostprocessing = 0;
		};
		E836623F2AF3269E0043C6BA /* Resources */ = {
			isa = PBXResourcesBuildPhase;
			buildActionMask = 2147483647;
			files = (
			);
			runOnlyForDeploymentPostprocessing = 0;
		};
/* End PBXResourcesBuildPhase section */

/* Begin PBXSourcesBuildPhase section */
		E836622C2AF3269D0043C6BA /* Sources */ = {
			isa = PBXSourcesBuildPhase;
			buildActionMask = 2147483647;
			files = (
				E8D3AD3E2AF33ABA005B8A04 /* WeaveMaskBlockCipher.swift in Sources */,
				E83662672AF3325E0043C6BA /* AESCipher.swift in Sources */,
				E8D3AD362AF33A74005B8A04 /* InvertCipher.swift in Sources */,
				E8D3AD342AF33A57005B8A04 /* JulianCipher.swift in Sources */,
				E8EEBB3D2B088EAF00407C61 /* SplintMaskBlockCipher.swift in Sources */,
				E8D3AD292AF33974005B8A04 /* String+RandomUTF8String.swift in Sources */,
				E8D3AD482AF33B03005B8A04 /* SplintCipher.swift in Sources */,
				E8D3AD2F2AF33A11005B8A04 /* ReverseCipher.swift in Sources */,
				E8D3AD422AF33AD6005B8A04 /* WeaveMaskCipher.swift in Sources */,
				E8D3AD502AF33B37005B8A04 /* RotateMaskCipher.swift in Sources */,
				E8D3AD2B2AF339BE005B8A04 /* PasswordCipher.swift in Sources */,
				E8EEBB3F2B088FC000407C61 /* SplintMaskByteBlockCipher.swift in Sources */,
				E8D3AD382AF33A92005B8A04 /* WeaveBlockCipher.swift in Sources */,
				E8D3AD272AF3395B005B8A04 /* String+RandomHexString.swift in Sources */,
				E8D3AD3C2AF33AAD005B8A04 /* WeaveCipher.swift in Sources */,
				E8B1819C2AF34C9300911211 /* ExampleCipher.swift in Sources */,
				E8D3AD4C2AF33B20005B8A04 /* RotateCipher.swift in Sources */,
				E8D3AD4A2AF33B14005B8A04 /* RotateBlockCipher.swift in Sources */,
				E8D3AD562AF33DC1005B8A04 /* RangeRotationCipher.swift in Sources */,
				E8D3AD1D2AF3385A005B8A04 /* ChaChaPolyCipher.swift in Sources */,
				E8D3AD582AF33E22005B8A04 /* VerificationTool.swift in Sources */,
				E8B38B5F2B071C1100F4AECF /* InvertMaskCipher.swift in Sources */,
				E8D3AD252AF3390F005B8A04 /* Data+Hex.swift in Sources */,
				E836625F2AF326E70043C6BA /* Cipher.swift in Sources */,
				E8D3AD4E2AF33B2B005B8A04 /* RotateMaskBlockCipher.swift in Sources */,
				E83662362AF3269D0043C6BA /* ContentView.swift in Sources */,
				E8D3AD442AF33AE9005B8A04 /* SplintBlockCipher.swift in Sources */,
				E8980A642B0722C500E86AAD /* UnbreakableCipher.swift in Sources */,
				E8096C572B09C8AE00C23E85 /* MarshallCipher.swift in Sources */,
				E8D3AD402AF33AC8005B8A04 /* WeaveMaskByteBlockCipher.swift in Sources */,
				E8D3AD3A2AF33A9F005B8A04 /* WeaveByteBlockCipher.swift in Sources */,
				E8EEBB3B2B08895C00407C61 /* SplintMaskCipher.swift in Sources */,
				E83662342AF3269D0043C6BA /* EncryptionToolsApp.swift in Sources */,
				E8D3AD462AF33AF6005B8A04 /* SplintByteBlockCipher.swift in Sources */,
				E8D3AD322AF33A47005B8A04 /* ShuffleCipher.swift in Sources */,
				E8B38B612B071F2700F4AECF /* ReverseMaskCipher.swift in Sources */,
				E8D3AD2D2AF339E6005B8A04 /* TaylorCipher.swift in Sources */,
				E8D3AD232AF338F9005B8A04 /* BlockHelper.swift in Sources */,
			);
			runOnlyForDeploymentPostprocessing = 0;
		};
		E836623D2AF3269E0043C6BA /* Sources */ = {
			isa = PBXSourcesBuildPhase;
			buildActionMask = 2147483647;
			files = (
				E83662462AF3269E0043C6BA /* EncryptionToolsTests.swift in Sources */,
				E8D3AD542AF33D45005B8A04 /* DataCompare.swift in Sources */,
				E8D3AD522AF33B79005B8A04 /* TestData.swift in Sources */,
			);
			runOnlyForDeploymentPostprocessing = 0;
		};
/* End PBXSourcesBuildPhase section */

/* Begin PBXTargetDependency section */
		E83662432AF3269E0043C6BA /* PBXTargetDependency */ = {
			isa = PBXTargetDependency;
			target = E836622F2AF3269D0043C6BA /* EncryptionTools */;
			targetProxy = E83662422AF3269E0043C6BA /* PBXContainerItemProxy */;
		};
/* End PBXTargetDependency section */

/* Begin XCBuildConfiguration section */
		E83662532AF3269E0043C6BA /* Debug */ = {
			isa = XCBuildConfiguration;
			buildSettings = {
				ALWAYS_SEARCH_USER_PATHS = NO;
				ASSETCATALOG_COMPILER_GENERATE_SWIFT_ASSET_SYMBOL_EXTENSIONS = YES;
				CLANG_ANALYZER_NONNULL = YES;
				CLANG_ANALYZER_NUMBER_OBJECT_CONVERSION = YES_AGGRESSIVE;
				CLANG_CXX_LANGUAGE_STANDARD = "gnu++20";
				CLANG_ENABLE_MODULES = YES;
				CLANG_ENABLE_OBJC_ARC = YES;
				CLANG_ENABLE_OBJC_WEAK = YES;
				CLANG_WARN_BLOCK_CAPTURE_AUTORELEASING = YES;
				CLANG_WARN_BOOL_CONVERSION = YES;
				CLANG_WARN_COMMA = YES;
				CLANG_WARN_CONSTANT_CONVERSION = YES;
				CLANG_WARN_DEPRECATED_OBJC_IMPLEMENTATIONS = YES;
				CLANG_WARN_DIRECT_OBJC_ISA_USAGE = YES_ERROR;
				CLANG_WARN_DOCUMENTATION_COMMENTS = YES;
				CLANG_WARN_EMPTY_BODY = YES;
				CLANG_WARN_ENUM_CONVERSION = YES;
				CLANG_WARN_INFINITE_RECURSION = YES;
				CLANG_WARN_INT_CONVERSION = YES;
				CLANG_WARN_NON_LITERAL_NULL_CONVERSION = YES;
				CLANG_WARN_OBJC_IMPLICIT_RETAIN_SELF = YES;
				CLANG_WARN_OBJC_LITERAL_CONVERSION = YES;
				CLANG_WARN_OBJC_ROOT_CLASS = YES_ERROR;
				CLANG_WARN_QUOTED_INCLUDE_IN_FRAMEWORK_HEADER = YES;
				CLANG_WARN_RANGE_LOOP_ANALYSIS = YES;
				CLANG_WARN_STRICT_PROTOTYPES = YES;
				CLANG_WARN_SUSPICIOUS_MOVE = YES;
				CLANG_WARN_UNGUARDED_AVAILABILITY = YES_AGGRESSIVE;
				CLANG_WARN_UNREACHABLE_CODE = YES;
				CLANG_WARN__DUPLICATE_METHOD_MATCH = YES;
				COPY_PHASE_STRIP = NO;
				DEBUG_INFORMATION_FORMAT = dwarf;
				ENABLE_STRICT_OBJC_MSGSEND = YES;
				ENABLE_TESTABILITY = YES;
				ENABLE_USER_SCRIPT_SANDBOXING = YES;
				GCC_C_LANGUAGE_STANDARD = gnu17;
				GCC_DYNAMIC_NO_PIC = NO;
				GCC_NO_COMMON_BLOCKS = YES;
				GCC_OPTIMIZATION_LEVEL = 0;
				GCC_PREPROCESSOR_DEFINITIONS = (
					"DEBUG=1",
					"$(inherited)",
				);
				GCC_WARN_64_TO_32_BIT_CONVERSION = YES;
				GCC_WARN_ABOUT_RETURN_TYPE = YES_ERROR;
				GCC_WARN_UNDECLARED_SELECTOR = YES;
				GCC_WARN_UNINITIALIZED_AUTOS = YES_AGGRESSIVE;
				GCC_WARN_UNUSED_FUNCTION = YES;
				GCC_WARN_UNUSED_VARIABLE = YES;
				LOCALIZATION_PREFERS_STRING_CATALOGS = YES;
				MACOSX_DEPLOYMENT_TARGET = 14.0;
				MTL_ENABLE_DEBUG_INFO = INCLUDE_SOURCE;
				MTL_FAST_MATH = YES;
				ONLY_ACTIVE_ARCH = YES;
				SDKROOT = macosx;
				SWIFT_ACTIVE_COMPILATION_CONDITIONS = "DEBUG $(inherited)";
				SWIFT_OPTIMIZATION_LEVEL = "-Onone";
			};
			name = Debug;
		};
		E83662542AF3269E0043C6BA /* Release */ = {
			isa = XCBuildConfiguration;
			buildSettings = {
				ALWAYS_SEARCH_USER_PATHS = NO;
				ASSETCATALOG_COMPILER_GENERATE_SWIFT_ASSET_SYMBOL_EXTENSIONS = YES;
				CLANG_ANALYZER_NONNULL = YES;
				CLANG_ANALYZER_NUMBER_OBJECT_CONVERSION = YES_AGGRESSIVE;
				CLANG_CXX_LANGUAGE_STANDARD = "gnu++20";
				CLANG_ENABLE_MODULES = YES;
				CLANG_ENABLE_OBJC_ARC = YES;
				CLANG_ENABLE_OBJC_WEAK = YES;
				CLANG_WARN_BLOCK_CAPTURE_AUTORELEASING = YES;
				CLANG_WARN_BOOL_CONVERSION = YES;
				CLANG_WARN_COMMA = YES;
				CLANG_WARN_CONSTANT_CONVERSION = YES;
				CLANG_WARN_DEPRECATED_OBJC_IMPLEMENTATIONS = YES;
				CLANG_WARN_DIRECT_OBJC_ISA_USAGE = YES_ERROR;
				CLANG_WARN_DOCUMENTATION_COMMENTS = YES;
				CLANG_WARN_EMPTY_BODY = YES;
				CLANG_WARN_ENUM_CONVERSION = YES;
				CLANG_WARN_INFINITE_RECURSION = YES;
				CLANG_WARN_INT_CONVERSION = YES;
				CLANG_WARN_NON_LITERAL_NULL_CONVERSION = YES;
				CLANG_WARN_OBJC_IMPLICIT_RETAIN_SELF = YES;
				CLANG_WARN_OBJC_LITERAL_CONVERSION = YES;
				CLANG_WARN_OBJC_ROOT_CLASS = YES_ERROR;
				CLANG_WARN_QUOTED_INCLUDE_IN_FRAMEWORK_HEADER = YES;
				CLANG_WARN_RANGE_LOOP_ANALYSIS = YES;
				CLANG_WARN_STRICT_PROTOTYPES = YES;
				CLANG_WARN_SUSPICIOUS_MOVE = YES;
				CLANG_WARN_UNGUARDED_AVAILABILITY = YES_AGGRESSIVE;
				CLANG_WARN_UNREACHABLE_CODE = YES;
				CLANG_WARN__DUPLICATE_METHOD_MATCH = YES;
				COPY_PHASE_STRIP = NO;
				DEBUG_INFORMATION_FORMAT = "dwarf-with-dsym";
				ENABLE_NS_ASSERTIONS = NO;
				ENABLE_STRICT_OBJC_MSGSEND = YES;
				ENABLE_USER_SCRIPT_SANDBOXING = YES;
				GCC_C_LANGUAGE_STANDARD = gnu17;
				GCC_NO_COMMON_BLOCKS = YES;
				GCC_WARN_64_TO_32_BIT_CONVERSION = YES;
				GCC_WARN_ABOUT_RETURN_TYPE = YES_ERROR;
				GCC_WARN_UNDECLARED_SELECTOR = YES;
				GCC_WARN_UNINITIALIZED_AUTOS = YES_AGGRESSIVE;
				GCC_WARN_UNUSED_FUNCTION = YES;
				GCC_WARN_UNUSED_VARIABLE = YES;
				LOCALIZATION_PREFERS_STRING_CATALOGS = YES;
				MACOSX_DEPLOYMENT_TARGET = 14.0;
				MTL_ENABLE_DEBUG_INFO = NO;
				MTL_FAST_MATH = YES;
				SDKROOT = macosx;
				SWIFT_COMPILATION_MODE = wholemodule;
			};
			name = Release;
		};
		E83662562AF3269E0043C6BA /* Debug */ = {
			isa = XCBuildConfiguration;
			buildSettings = {
				ASSETCATALOG_COMPILER_APPICON_NAME = AppIcon;
				ASSETCATALOG_COMPILER_GLOBAL_ACCENT_COLOR_NAME = AccentColor;
				CODE_SIGN_ENTITLEMENTS = EncryptionTools/EncryptionTools.entitlements;
				CODE_SIGN_STYLE = Automatic;
				COMBINE_HIDPI_IMAGES = YES;
				CURRENT_PROJECT_VERSION = 1;
				DEVELOPMENT_ASSET_PATHS = "\"EncryptionTools/Preview Content\"";
				DEVELOPMENT_TEAM = 2GG555KD5G;
				ENABLE_HARDENED_RUNTIME = YES;
				ENABLE_PREVIEWS = YES;
				GENERATE_INFOPLIST_FILE = YES;
				INFOPLIST_KEY_NSHumanReadableCopyright = "";
				LD_RUNPATH_SEARCH_PATHS = (
					"$(inherited)",
					"@executable_path/../Frameworks",
				);
				MACOSX_DEPLOYMENT_TARGET = 13.0;
				MARKETING_VERSION = 1.0;
				PRODUCT_BUNDLE_IDENTIFIER = com.nick.raptis.symmetric.encryption;
				PRODUCT_NAME = "$(TARGET_NAME)";
				SWIFT_EMIT_LOC_STRINGS = YES;
				SWIFT_VERSION = 5.0;
			};
			name = Debug;
		};
		E83662572AF3269E0043C6BA /* Release */ = {
			isa = XCBuildConfiguration;
			buildSettings = {
				ASSETCATALOG_COMPILER_APPICON_NAME = AppIcon;
				ASSETCATALOG_COMPILER_GLOBAL_ACCENT_COLOR_NAME = AccentColor;
				CODE_SIGN_ENTITLEMENTS = EncryptionTools/EncryptionTools.entitlements;
				CODE_SIGN_STYLE = Automatic;
				COMBINE_HIDPI_IMAGES = YES;
				CURRENT_PROJECT_VERSION = 1;
				DEVELOPMENT_ASSET_PATHS = "\"EncryptionTools/Preview Content\"";
				DEVELOPMENT_TEAM = 2GG555KD5G;
				ENABLE_HARDENED_RUNTIME = YES;
				ENABLE_PREVIEWS = YES;
				GENERATE_INFOPLIST_FILE = YES;
				INFOPLIST_KEY_NSHumanReadableCopyright = "";
				LD_RUNPATH_SEARCH_PATHS = (
					"$(inherited)",
					"@executable_path/../Frameworks",
				);
				MACOSX_DEPLOYMENT_TARGET = 13.0;
				MARKETING_VERSION = 1.0;
				PRODUCT_BUNDLE_IDENTIFIER = com.nick.raptis.symmetric.encryption;
				PRODUCT_NAME = "$(TARGET_NAME)";
				SWIFT_EMIT_LOC_STRINGS = YES;
				SWIFT_VERSION = 5.0;
			};
			name = Release;
		};
		E83662592AF3269E0043C6BA /* Debug */ = {
			isa = XCBuildConfiguration;
			buildSettings = {
				ALWAYS_EMBED_SWIFT_STANDARD_LIBRARIES = YES;
				BUNDLE_LOADER = "$(TEST_HOST)";
				CODE_SIGN_STYLE = Automatic;
				CURRENT_PROJECT_VERSION = 1;
				DEVELOPMENT_TEAM = 2GG555KD5G;
				GENERATE_INFOPLIST_FILE = YES;
				MACOSX_DEPLOYMENT_TARGET = 14.0;
				MARKETING_VERSION = 1.0;
				PRODUCT_BUNDLE_IDENTIFIER = com.nick.raptis.public.encryption.EncryptionToolsTests;
				PRODUCT_NAME = "$(TARGET_NAME)";
				SWIFT_EMIT_LOC_STRINGS = NO;
				SWIFT_VERSION = 5.0;
				TEST_HOST = "$(BUILT_PRODUCTS_DIR)/EncryptionTools.app/$(BUNDLE_EXECUTABLE_FOLDER_PATH)/EncryptionTools";
			};
			name = Debug;
		};
		E836625A2AF3269E0043C6BA /* Release */ = {
			isa = XCBuildConfiguration;
			buildSettings = {
				ALWAYS_EMBED_SWIFT_STANDARD_LIBRARIES = YES;
				BUNDLE_LOADER = "$(TEST_HOST)";
				CODE_SIGN_STYLE = Automatic;
				CURRENT_PROJECT_VERSION = 1;
				DEVELOPMENT_TEAM = 2GG555KD5G;
				GENERATE_INFOPLIST_FILE = YES;
				MACOSX_DEPLOYMENT_TARGET = 14.0;
				MARKETING_VERSION = 1.0;
				PRODUCT_BUNDLE_IDENTIFIER = com.nick.raptis.public.encryption.EncryptionToolsTests;
				PRODUCT_NAME = "$(TARGET_NAME)";
				SWIFT_EMIT_LOC_STRINGS = NO;
				SWIFT_VERSION = 5.0;
				TEST_HOST = "$(BUILT_PRODUCTS_DIR)/EncryptionTools.app/$(BUNDLE_EXECUTABLE_FOLDER_PATH)/EncryptionTools";
			};
			name = Release;
		};
/* End XCBuildConfiguration section */

/* Begin XCConfigurationList section */
		E836622B2AF3269D0043C6BA /* Build configuration list for PBXProject "EncryptionTools" */ = {
			isa = XCConfigurationList;
			buildConfigurations = (
				E83662532AF3269E0043C6BA /* Debug */,
				E83662542AF3269E0043C6BA /* Release */,
			);
			defaultConfigurationIsVisible = 0;
			defaultConfigurationName = Release;
		};
		E83662552AF3269E0043C6BA /* Build configuration list for PBXNativeTarget "EncryptionTools" */ = {
			isa = XCConfigurationList;
			buildConfigurations = (
				E83662562AF3269E0043C6BA /* Debug */,
				E83662572AF3269E0043C6BA /* Release */,
			);
			defaultConfigurationIsVisible = 0;
			defaultConfigurationName = Release;
		};
		E83662582AF3269E0043C6BA /* Build configuration list for PBXNativeTarget "EncryptionToolsTests" */ = {
			isa = XCConfigurationList;
			buildConfigurations = (
				E83662592AF3269E0043C6BA /* Debug */,
				E836625A2AF3269E0043C6BA /* Release */,
			);
			defaultConfigurationIsVisible = 0;
			defaultConfigurationName = Release;
		};
/* End XCConfigurationList section */
	};
	rootObject = E83662282AF3269D0043C6BA /* Project object */;
}
